# This file is automatically @generated by Poetry 2.1.0 and should not be changed by hand.

[[package]]
name = "calculator"
version = "0.1.0"
description = ""
optional = false
python-versions = ">=3.12"
groups = ["main"]
files = []
develop = true

[package.source]
type = "directory"
url = "../../error-py/calculator"

[metadata]
lock-version = "2.1"
python-versions = ">=3.12"
content-hash = "b779f454e180b6c54b5f0e18fa5d9602afc815f3d0d6ae89129e2842e9bed030"
